
Microsoft Visual Studio Solution File, Format Version 12.00
# Visual Studio Version 17
VisualStudioVersion = 17.10.34928.147
MinimumVisualStudioVersion = 10.0.40219.1
Project("{FAE04EC0-301F-11D3-BF4B-00C04F79EFBC}") = "offer_transaction_sync", "offer_transaction_sync\offer_transaction_sync.csproj", "{4C23E64B-18D9-48D8-8DAF-0536FDF368AD}"
EndProject
Global
	GlobalSection(SolutionConfigurationPlatforms) = preSolution
		Debug|Any CPU = Debug|Any CPU
		Release|Any CPU = Release|Any CPU
	EndGlobalSection
	GlobalSection(ProjectConfigurationPlatforms) = postSolution
		{4C23E64B-18D9-48D8-8DAF-0536FDF368AD}.Debug|Any CPU.ActiveCfg = Debug|Any CPU
		{4C23E64B-18D9-48D8-8DAF-0536FDF368AD}.Debug|Any CPU.Build.0 = Debug|Any CPU
		{4C23E64B-18D9-48D8-8DAF-0536FDF368AD}.Release|Any CPU.ActiveCfg = Release|Any CPU
		{4C23E64B-18D9-48D8-8DAF-0536FDF368AD}.Release|Any CPU.Build.0 = Release|Any CPU
	EndGlobalSection
	GlobalSection(SolutionProperties) = preSolution
		HideSolutionNode = FALSE
	EndGlobalSection
	GlobalSection(ExtensibilityGlobals) = postSolution
		SolutionGuid = {F4CEBED1-1C54-44A5-BCD8-6403D1147DA4}
	EndGlobalSection
EndGlobal
